
Microsoft Visual Studio Solution File, Format Version 12.00
# Visual Studio Version 17
VisualStudioVersion = 17.7.34221.43
MinimumVisualStudioVersion = 10.0.40219.1
Project("{9A19103F-16F7-4668-BE54-9A1E7A4F7556}") = "dev-emreguler", "dev-emreguler\dev-emreguler.csproj", "{AEF06BAB-6B5B-4FD8-AD6C-649C7E8F1BF2}"
EndProject
Project("{9A19103F-16F7-4668-BE54-9A1E7A4F7556}") = "ADONET-Giris", "ADONET-Giris\ADONET-Giris.csproj", "{B48E4583-3BA5-48A8-941E-923DA03556B8}"
EndProject
Project("{FAE04EC0-301F-11D3-BF4B-00C04F79EFBC}") = "ToDoApp", "ToDoApp\ToDoApp.csproj", "{35769EE4-2E11-4D96-83C4-AD313CDE9CD4}"
EndProject
Global
	GlobalSection(SolutionConfigurationPlatforms) = preSolution
		Debug|Any CPU = Debug|Any CPU
		Release|Any CPU = Release|Any CPU
	EndGlobalSection
	GlobalSection(ProjectConfigurationPlatforms) = postSolution
		{AEF06BAB-6B5B-4FD8-AD6C-649C7E8F1BF2}.Debug|Any CPU.ActiveCfg = Debug|Any CPU
		{AEF06BAB-6B5B-4FD8-AD6C-649C7E8F1BF2}.Debug|Any CPU.Build.0 = Debug|Any CPU
		{AEF06BAB-6B5B-4FD8-AD6C-649C7E8F1BF2}.Release|Any CPU.ActiveCfg = Release|Any CPU
		{AEF06BAB-6B5B-4FD8-AD6C-649C7E8F1BF2}.Release|Any CPU.Build.0 = Release|Any CPU
		{B48E4583-3BA5-48A8-941E-923DA03556B8}.Debug|Any CPU.ActiveCfg = Debug|Any CPU
		{B48E4583-3BA5-48A8-941E-923DA03556B8}.Debug|Any CPU.Build.0 = Debug|Any CPU
		{B48E4583-3BA5-48A8-941E-923DA03556B8}.Release|Any CPU.ActiveCfg = Release|Any CPU
		{B48E4583-3BA5-48A8-941E-923DA03556B8}.Release|Any CPU.Build.0 = Release|Any CPU
		{35769EE4-2E11-4D96-83C4-AD313CDE9CD4}.Debug|Any CPU.ActiveCfg = Debug|Any CPU
		{35769EE4-2E11-4D96-83C4-AD313CDE9CD4}.Debug|Any CPU.Build.0 = Debug|Any CPU
		{35769EE4-2E11-4D96-83C4-AD313CDE9CD4}.Release|Any CPU.ActiveCfg = Release|Any CPU
		{35769EE4-2E11-4D96-83C4-AD313CDE9CD4}.Release|Any CPU.Build.0 = Release|Any CPU
	EndGlobalSection
	GlobalSection(SolutionProperties) = preSolution
		HideSolutionNode = FALSE
	EndGlobalSection
	GlobalSection(ExtensibilityGlobals) = postSolution
		SolutionGuid = {C423A2EE-F155-466A-8EAE-12891C4C275E}
	EndGlobalSection
EndGlobal
